{
  "requires": true,
  "lockfileVersion": 1,
  "dependencies": {
    "@babel/runtime": {
      "version": "7.8.7",
      "resolved": "https://registry.npm.taobao.org/@babel/runtime/download/@babel/runtime-7.8.7.tgz",
      "integrity": "sha1-j+/OmALbVIgbpZ+Quyhxm0mWMk0=",
      "requires": {
        "regenerator-runtime": "^0.13.4"
      }
    },
    "import-html-entry": {
      "version": "1.4.1",
      "resolved": "https://registry.npm.taobao.org/import-html-entry/download/import-html-entry-1.4.1.tgz",
      "integrity": "sha1-OPzPPm4VSy+8nybxV1C96waf6aQ=",
      "requires": {
        "@babel/runtime": "^7.7.2"
      }
    },
    "lodash": {
      "version": "4.17.15",
      "resolved": "https://registry.npm.taobao.org/lodash/download/lodash-4.17.15.tgz",
      "integrity": "sha1-tEf2ZwoEVbv+7dETku/zMOoJdUg="
    },
    "qiankun": {
      "version": "1.4.5",
      "resolved": "https://registry.npm.taobao.org/qiankun/download/qiankun-1.4.5.tgz",
      "integrity": "sha1-wwnWmwA3Fjq0e/y8ltmT0BEe9+M=",
      "requires": {
        "@babel/runtime": "^7.5.5",
        "import-html-entry": "^1.4.1",
        "lodash": "^4.17.11",
        "single-spa": "^4.4.3",
        "tslib": "^1.10.0"
      }
    },
    "regenerator-runtime": {
      "version": "0.13.4",
      "resolved": "https://registry.npm.taobao.org/regenerator-runtime/download/regenerator-runtime-0.13.4.tgz?cache=0&sync_timestamp=1582480213403&other_urls=https%3A%2F%2Fregistry.npm.taobao.org%2Fregenerator-runtime%2Fdownload%2Fregenerator-runtime-0.13.4.tgz",
      "integrity": "sha1-6Wv2EqM2LRK7affo90/+qyXHrJE="
    },
    "single-spa": {
      "version": "4.4.3",
      "resolved": "https://registry.npm.taobao.org/single-spa/download/single-spa-4.4.3.tgz",
      "integrity": "sha1-Tf86F/YztzJpHP8lzwvwiX7N/Tc="
    },
    "tslib": {
      "version": "1.11.1",
      "resolved": "https://registry.npm.taobao.org/tslib/download/tslib-1.11.1.tgz",
      "integrity": "sha1-6xXRKIJ/vuKEFUnhcfRe0zisfjU="
    }
  }
}
